
Microsoft Visual Studio Solution File, Format Version 12.00
# Visual Studio 2013
VisualStudioVersion = 12.0.31101.0
MinimumVisualStudioVersion = 10.0.40219.1
Project("{2150E333-8FDC-42A3-9474-1A3956D46DE8}") = "Tests", "Tests", "{1AC07AAE-4C47-4BAF-AEC1-9FC12298CD61}"
EndProject
Project("{2150E333-8FDC-42A3-9474-1A3956D46DE8}") = "Core", "Core", "{6900452F-7258-4C55-9BD7-F4612ABF4944}"
EndProject
Project("{2150E333-8FDC-42A3-9474-1A3956D46DE8}") = ".nuget", ".nuget", "{BC07004F-FC89-4610-8162-750FCFDE87BC}"
	ProjectSection(SolutionItems) = preProject
		.nuget\NuGet.Config = .nuget\NuGet.Config
		.nuget\NuGet.exe = .nuget\NuGet.exe
		.nuget\NuGet.targets = .nuget\NuGet.targets
	EndProjectSection
EndProject
Project("{2150E333-8FDC-42A3-9474-1A3956D46DE8}") = "Debug", "Debug", "{202608AE-B40A-4C78-8F34-514D34FE093A}"
EndProject
Project("{2150E333-8FDC-42A3-9474-1A3956D46DE8}") = "EventProviders", "EventProviders", "{2B0113C6-4A62-41EC-8FB9-C026241357C5}"
EndProject
Project("{2150E333-8FDC-42A3-9474-1A3956D46DE8}") = "NotificationProviders", "NotificationProviders", "{916CC82A-88E3-41C2-81F3-A56420E4E126}"
EndProject
Project("{FAE04EC0-301F-11D3-BF4B-00C04F79EFBC}") = "XNotify", "src\XNotify\XNotify.csproj", "{E93500CE-84DB-4E66-B547-B6674FD94EA3}"
EndProject
Project("{FAE04EC0-301F-11D3-BF4B-00C04F79EFBC}") = "XNotify.Service", "src\XNotify.Service\XNotify.Service.csproj", "{5E612DED-8E87-416E-8D2A-BC0633AF9570}"
EndProject
Project("{FAE04EC0-301F-11D3-BF4B-00C04F79EFBC}") = "XNotify.Tests.EventProviders.FakeEventProvider00", "tests\XNotify.Tests.EventProviders.FakeEventProvider00\XNotify.Tests.EventProviders.FakeEventProvider00.csproj", "{51B5F8BE-1E5C-439E-BC7A-195956CC6015}"
EndProject
Project("{FAE04EC0-301F-11D3-BF4B-00C04F79EFBC}") = "XNotify.Tests.EventProviders.FakeEventProvider01", "tests\XNotify.Tests.EventProviders.FakeEventProvider01\XNotify.Tests.EventProviders.FakeEventProvider01.csproj", "{3491EC69-9F0C-4474-97E3-930E93393771}"
EndProject
Project("{FAE04EC0-301F-11D3-BF4B-00C04F79EFBC}") = "XNotify.Tests.NotificationProviders.MailTrap", "tests\XNotify.Tests.NotificationProviders.MailTrap\XNotify.Tests.NotificationProviders.MailTrap.csproj", "{073314DC-46A7-49DB-A9A6-C5E4737F303F}"
EndProject
Project("{FAE04EC0-301F-11D3-BF4B-00C04F79EFBC}") = "XNotify.Tests.NotificationProviders.Twilio", "tests\XNotify.Tests.NotificationProviders.Twilio\XNotify.Tests.NotificationProviders.Twilio.csproj", "{3DEFA323-1DB6-489D-AF00-8C8155A4870D}"
EndProject
Project("{FAE04EC0-301F-11D3-BF4B-00C04F79EFBC}") = "XNotify.Debug.ConsoleHost", "debug\XNotify.Debug.ConsoleHost\XNotify.Debug.ConsoleHost.csproj", "{6124E9E4-DD40-41A0-A1F0-16B4A5E3A31E}"
EndProject
Project("{FAE04EC0-301F-11D3-BF4B-00C04F79EFBC}") = "XNotify.Tests", "tests\XNotify.Tests\XNotify.Tests.csproj", "{66FF7359-95C0-463B-BB2B-F56EFCE744B6}"
EndProject
Global
	GlobalSection(SolutionConfigurationPlatforms) = preSolution
		Debug|Any CPU = Debug|Any CPU
		Release|Any CPU = Release|Any CPU
	EndGlobalSection
	GlobalSection(ProjectConfigurationPlatforms) = postSolution
		{E93500CE-84DB-4E66-B547-B6674FD94EA3}.Debug|Any CPU.ActiveCfg = Debug|Any CPU
		{E93500CE-84DB-4E66-B547-B6674FD94EA3}.Debug|Any CPU.Build.0 = Debug|Any CPU
		{E93500CE-84DB-4E66-B547-B6674FD94EA3}.Release|Any CPU.ActiveCfg = Release|Any CPU
		{E93500CE-84DB-4E66-B547-B6674FD94EA3}.Release|Any CPU.Build.0 = Release|Any CPU
		{5E612DED-8E87-416E-8D2A-BC0633AF9570}.Debug|Any CPU.ActiveCfg = Debug|Any CPU
		{5E612DED-8E87-416E-8D2A-BC0633AF9570}.Debug|Any CPU.Build.0 = Debug|Any CPU
		{5E612DED-8E87-416E-8D2A-BC0633AF9570}.Release|Any CPU.ActiveCfg = Release|Any CPU
		{5E612DED-8E87-416E-8D2A-BC0633AF9570}.Release|Any CPU.Build.0 = Release|Any CPU
		{51B5F8BE-1E5C-439E-BC7A-195956CC6015}.Debug|Any CPU.ActiveCfg = Debug|Any CPU
		{51B5F8BE-1E5C-439E-BC7A-195956CC6015}.Debug|Any CPU.Build.0 = Debug|Any CPU
		{51B5F8BE-1E5C-439E-BC7A-195956CC6015}.Release|Any CPU.ActiveCfg = Release|Any CPU
		{51B5F8BE-1E5C-439E-BC7A-195956CC6015}.Release|Any CPU.Build.0 = Release|Any CPU
		{3491EC69-9F0C-4474-97E3-930E93393771}.Debug|Any CPU.ActiveCfg = Debug|Any CPU
		{3491EC69-9F0C-4474-97E3-930E93393771}.Debug|Any CPU.Build.0 = Debug|Any CPU
		{3491EC69-9F0C-4474-97E3-930E93393771}.Release|Any CPU.ActiveCfg = Release|Any CPU
		{3491EC69-9F0C-4474-97E3-930E93393771}.Release|Any CPU.Build.0 = Release|Any CPU
		{073314DC-46A7-49DB-A9A6-C5E4737F303F}.Debug|Any CPU.ActiveCfg = Debug|Any CPU
		{073314DC-46A7-49DB-A9A6-C5E4737F303F}.Debug|Any CPU.Build.0 = Debug|Any CPU
		{073314DC-46A7-49DB-A9A6-C5E4737F303F}.Release|Any CPU.ActiveCfg = Release|Any CPU
		{073314DC-46A7-49DB-A9A6-C5E4737F303F}.Release|Any CPU.Build.0 = Release|Any CPU
		{3DEFA323-1DB6-489D-AF00-8C8155A4870D}.Debug|Any CPU.ActiveCfg = Debug|Any CPU
		{3DEFA323-1DB6-489D-AF00-8C8155A4870D}.Debug|Any CPU.Build.0 = Debug|Any CPU
		{3DEFA323-1DB6-489D-AF00-8C8155A4870D}.Release|Any CPU.ActiveCfg = Release|Any CPU
		{3DEFA323-1DB6-489D-AF00-8C8155A4870D}.Release|Any CPU.Build.0 = Release|Any CPU
		{6124E9E4-DD40-41A0-A1F0-16B4A5E3A31E}.Debug|Any CPU.ActiveCfg = Debug|Any CPU
		{6124E9E4-DD40-41A0-A1F0-16B4A5E3A31E}.Debug|Any CPU.Build.0 = Debug|Any CPU
		{6124E9E4-DD40-41A0-A1F0-16B4A5E3A31E}.Release|Any CPU.ActiveCfg = Release|Any CPU
		{6124E9E4-DD40-41A0-A1F0-16B4A5E3A31E}.Release|Any CPU.Build.0 = Release|Any CPU
		{66FF7359-95C0-463B-BB2B-F56EFCE744B6}.Debug|Any CPU.ActiveCfg = Debug|Any CPU
		{66FF7359-95C0-463B-BB2B-F56EFCE744B6}.Debug|Any CPU.Build.0 = Debug|Any CPU
		{66FF7359-95C0-463B-BB2B-F56EFCE744B6}.Release|Any CPU.ActiveCfg = Release|Any CPU
		{66FF7359-95C0-463B-BB2B-F56EFCE744B6}.Release|Any CPU.Build.0 = Release|Any CPU
	EndGlobalSection
	GlobalSection(SolutionProperties) = preSolution
		HideSolutionNode = FALSE
	EndGlobalSection
	GlobalSection(NestedProjects) = preSolution
		{2B0113C6-4A62-41EC-8FB9-C026241357C5} = {202608AE-B40A-4C78-8F34-514D34FE093A}
		{916CC82A-88E3-41C2-81F3-A56420E4E126} = {202608AE-B40A-4C78-8F34-514D34FE093A}
		{E93500CE-84DB-4E66-B547-B6674FD94EA3} = {6900452F-7258-4C55-9BD7-F4612ABF4944}
		{5E612DED-8E87-416E-8D2A-BC0633AF9570} = {6900452F-7258-4C55-9BD7-F4612ABF4944}
		{51B5F8BE-1E5C-439E-BC7A-195956CC6015} = {2B0113C6-4A62-41EC-8FB9-C026241357C5}
		{3491EC69-9F0C-4474-97E3-930E93393771} = {2B0113C6-4A62-41EC-8FB9-C026241357C5}
		{073314DC-46A7-49DB-A9A6-C5E4737F303F} = {916CC82A-88E3-41C2-81F3-A56420E4E126}
		{3DEFA323-1DB6-489D-AF00-8C8155A4870D} = {916CC82A-88E3-41C2-81F3-A56420E4E126}
		{6124E9E4-DD40-41A0-A1F0-16B4A5E3A31E} = {202608AE-B40A-4C78-8F34-514D34FE093A}
		{66FF7359-95C0-463B-BB2B-F56EFCE744B6} = {1AC07AAE-4C47-4BAF-AEC1-9FC12298CD61}
	EndGlobalSection
EndGlobal
